
Microsoft Visual Studio Solution File, Format Version 12.00
# Visual Studio 2013
VisualStudioVersion = 12.0.40629.0
MinimumVisualStudioVersion = 10.0.40219.1
Project("{FAE04EC0-301F-11D3-BF4B-00C04F79EFBC}") = "PolyBoolCS", "PolyBoolCS\PolyBoolCS.csproj", "{BB8C6F93-7C16-458F-BFB5-54F68F34DD29}"
EndProject
Project("{FAE04EC0-301F-11D3-BF4B-00C04F79EFBC}") = "PolyBoolCS-Tests", "..\PolyBoolCS-Tests\PolyBoolCS-Tests.csproj", "{9637A502-0C1D-4F35-AC97-4710946398F8}"
EndProject
Global
	GlobalSection(SolutionConfigurationPlatforms) = preSolution
		Debug|Any CPU = Debug|Any CPU
		Release|Any CPU = Release|Any CPU
	EndGlobalSection
	GlobalSection(ProjectConfigurationPlatforms) = postSolution
		{BB8C6F93-7C16-458F-BFB5-54F68F34DD29}.Debug|Any CPU.ActiveCfg = Debug|Any CPU
		{BB8C6F93-7C16-458F-BFB5-54F68F34DD29}.Debug|Any CPU.Build.0 = Debug|Any CPU
		{BB8C6F93-7C16-458F-BFB5-54F68F34DD29}.Release|Any CPU.ActiveCfg = Release|Any CPU
		{BB8C6F93-7C16-458F-BFB5-54F68F34DD29}.Release|Any CPU.Build.0 = Release|Any CPU
		{9637A502-0C1D-4F35-AC97-4710946398F8}.Debug|Any CPU.ActiveCfg = Debug|Any CPU
		{9637A502-0C1D-4F35-AC97-4710946398F8}.Debug|Any CPU.Build.0 = Debug|Any CPU
		{9637A502-0C1D-4F35-AC97-4710946398F8}.Release|Any CPU.ActiveCfg = Release|Any CPU
		{9637A502-0C1D-4F35-AC97-4710946398F8}.Release|Any CPU.Build.0 = Release|Any CPU
	EndGlobalSection
	GlobalSection(SolutionProperties) = preSolution
		HideSolutionNode = FALSE
	EndGlobalSection
EndGlobal
